
Microsoft Visual Studio Solution File, Format Version 12.00
# Visual Studio Version 16
VisualStudioVersion = 16.0.31613.86
MinimumVisualStudioVersion = 10.0.40219.1
Project("{FAE04EC0-301F-11D3-BF4B-00C04F79EFBC}") = "RazorPagesMovie", "RazorPagesMovie.csproj", "{ED957313-5D8A-4079-A9BF-A2D76CF0A6C6}"
EndProject
Global
	GlobalSection(SolutionConfigurationPlatforms) = preSolution
		Debug|Any CPU = Debug|Any CPU
		Release|Any CPU = Release|Any CPU
	EndGlobalSection
	GlobalSection(ProjectConfigurationPlatforms) = postSolution
		{ED957313-5D8A-4079-A9BF-A2D76CF0A6C6}.Debug|Any CPU.ActiveCfg = Debug|Any CPU
		{ED957313-5D8A-4079-A9BF-A2D76CF0A6C6}.Debug|Any CPU.Build.0 = Debug|Any CPU
		{ED957313-5D8A-4079-A9BF-A2D76CF0A6C6}.Release|Any CPU.ActiveCfg = Release|Any CPU
		{ED957313-5D8A-4079-A9BF-A2D76CF0A6C6}.Release|Any CPU.Build.0 = Release|Any CPU
	EndGlobalSection
	GlobalSection(SolutionProperties) = preSolution
		HideSolutionNode = FALSE
	EndGlobalSection
	GlobalSection(ExtensibilityGlobals) = postSolution
		SolutionGuid = {A0D794B2-E80F-480C-819B-4EFAEE2A253E}
	EndGlobalSection
EndGlobal
